
Microsoft Visual Studio Solution File, Format Version 12.00
# Visual Studio 15
VisualStudioVersion = 15.0.28307.136
MinimumVisualStudioVersion = 10.0.40219.1
Project("{FAE04EC0-301F-11D3-BF4B-00C04F79EFBC}") = "Øresund", "Øresund\Øresund.csproj", "{17A92FDA-25AB-459A-9BC1-ADD24996F8BE}"
EndProject
Project("{FAE04EC0-301F-11D3-BF4B-00C04F79EFBC}") = "UnitTestProject1", "UnitTestProject1\UnitTestProject1.csproj", "{8F69CFBA-7369-4E6C-9F8A-088D5D2855BB}"
EndProject
Global
	GlobalSection(SolutionConfigurationPlatforms) = preSolution
		Debug|Any CPU = Debug|Any CPU
		Release|Any CPU = Release|Any CPU
	EndGlobalSection
	GlobalSection(ProjectConfigurationPlatforms) = postSolution
		{17A92FDA-25AB-459A-9BC1-ADD24996F8BE}.Debug|Any CPU.ActiveCfg = Debug|Any CPU
		{17A92FDA-25AB-459A-9BC1-ADD24996F8BE}.Debug|Any CPU.Build.0 = Debug|Any CPU
		{17A92FDA-25AB-459A-9BC1-ADD24996F8BE}.Release|Any CPU.ActiveCfg = Release|Any CPU
		{17A92FDA-25AB-459A-9BC1-ADD24996F8BE}.Release|Any CPU.Build.0 = Release|Any CPU
		{8F69CFBA-7369-4E6C-9F8A-088D5D2855BB}.Debug|Any CPU.ActiveCfg = Debug|Any CPU
		{8F69CFBA-7369-4E6C-9F8A-088D5D2855BB}.Debug|Any CPU.Build.0 = Debug|Any CPU
		{8F69CFBA-7369-4E6C-9F8A-088D5D2855BB}.Release|Any CPU.ActiveCfg = Release|Any CPU
		{8F69CFBA-7369-4E6C-9F8A-088D5D2855BB}.Release|Any CPU.Build.0 = Release|Any CPU
	EndGlobalSection
	GlobalSection(SolutionProperties) = preSolution
		HideSolutionNode = FALSE
	EndGlobalSection
	GlobalSection(ExtensibilityGlobals) = postSolution
		SolutionGuid = {3884EB1A-59A1-4C9E-B42D-491C74D33541}
	EndGlobalSection
EndGlobal
